
Microsoft Visual Studio Solution File, Format Version 12.00
# Visual Studio Version 17
VisualStudioVersion = 17.14.36623.8 d17.14
MinimumVisualStudioVersion = 10.0.40219.1
Project("{FAE04EC0-301F-11D3-BF4B-00C04F79EFBC}") = "Exemplo", "Exemplo.csproj", "{0480BF35-8ECC-431C-AE15-FEAAFF448CCF}"
EndProject
Global
	GlobalSection(SolutionConfigurationPlatforms) = preSolution
		Debug|Any CPU = Debug|Any CPU
		Release|Any CPU = Release|Any CPU
	EndGlobalSection
	GlobalSection(ProjectConfigurationPlatforms) = postSolution
		{0480BF35-8ECC-431C-AE15-FEAAFF448CCF}.Debug|Any CPU.ActiveCfg = Debug|Any CPU
		{0480BF35-8ECC-431C-AE15-FEAAFF448CCF}.Debug|Any CPU.Build.0 = Debug|Any CPU
		{0480BF35-8ECC-431C-AE15-FEAAFF448CCF}.Release|Any CPU.ActiveCfg = Release|Any CPU
		{0480BF35-8ECC-431C-AE15-FEAAFF448CCF}.Release|Any CPU.Build.0 = Release|Any CPU
	EndGlobalSection
	GlobalSection(SolutionProperties) = preSolution
		HideSolutionNode = FALSE
	EndGlobalSection
	GlobalSection(ExtensibilityGlobals) = postSolution
		SolutionGuid = {3763D49D-DA88-422D-B699-2C3201D8B768}
	EndGlobalSection
EndGlobal
